
Microsoft Visual Studio Solution File, Format Version 12.00
# Visual Studio Version 17
VisualStudioVersion = 17.9.34728.123
MinimumVisualStudioVersion = 10.0.40219.1
Project("{FAE04EC0-301F-11D3-BF4B-00C04F79EFBC}") = "LeaveManagement.Web", "LeaveManagement.Web\LeaveManagement.Web.csproj", "{DFB265B6-3132-47B1-A73F-F586FFB63C5B}"
EndProject
Global
	GlobalSection(SolutionConfigurationPlatforms) = preSolution
		Debug|Any CPU = Debug|Any CPU
		Release|Any CPU = Release|Any CPU
	EndGlobalSection
	GlobalSection(ProjectConfigurationPlatforms) = postSolution
		{DFB265B6-3132-47B1-A73F-F586FFB63C5B}.Debug|Any CPU.ActiveCfg = Debug|Any CPU
		{DFB265B6-3132-47B1-A73F-F586FFB63C5B}.Debug|Any CPU.Build.0 = Debug|Any CPU
		{DFB265B6-3132-47B1-A73F-F586FFB63C5B}.Release|Any CPU.ActiveCfg = Release|Any CPU
		{DFB265B6-3132-47B1-A73F-F586FFB63C5B}.Release|Any CPU.Build.0 = Release|Any CPU
	EndGlobalSection
	GlobalSection(SolutionProperties) = preSolution
		HideSolutionNode = FALSE
	EndGlobalSection
	GlobalSection(ExtensibilityGlobals) = postSolution
		SolutionGuid = {BCC78985-9B19-4F4C-81BB-0B9799229B0B}
	EndGlobalSection
EndGlobal
